
Microsoft Visual Studio Solution File, Format Version 11.00
# Visual Studio 2010
Project("{FAE04EC0-301F-11D3-BF4B-00C04F79EFBC}") = "Assembly-CSharp", "Assembly-CSharp.csproj", "{48423B72-17B1-27A6-23B6-D10997491F6E}"
EndProject
Project("{FAE04EC0-301F-11D3-BF4B-00C04F79EFBC}") = "Assembly-CSharp-Editor", "Assembly-CSharp-Editor.csproj", "{6788ACBD-F0C4-F6BE-053C-4BC2927B5869}"
EndProject
Global
	GlobalSection(SolutionConfigurationPlatforms) = preSolution
		Debug|Any CPU = Debug|Any CPU
		Release|Any CPU = Release|Any CPU
	EndGlobalSection
	GlobalSection(ProjectConfigurationPlatforms) = postSolution
		{48423B72-17B1-27A6-23B6-D10997491F6E}.Debug|Any CPU.ActiveCfg = Debug|Any CPU
		{48423B72-17B1-27A6-23B6-D10997491F6E}.Debug|Any CPU.Build.0 = Debug|Any CPU
		{48423B72-17B1-27A6-23B6-D10997491F6E}.Release|Any CPU.ActiveCfg = Release|Any CPU
		{48423B72-17B1-27A6-23B6-D10997491F6E}.Release|Any CPU.Build.0 = Release|Any CPU
		{6788ACBD-F0C4-F6BE-053C-4BC2927B5869}.Debug|Any CPU.ActiveCfg = Debug|Any CPU
		{6788ACBD-F0C4-F6BE-053C-4BC2927B5869}.Debug|Any CPU.Build.0 = Debug|Any CPU
		{6788ACBD-F0C4-F6BE-053C-4BC2927B5869}.Release|Any CPU.ActiveCfg = Release|Any CPU
		{6788ACBD-F0C4-F6BE-053C-4BC2927B5869}.Release|Any CPU.Build.0 = Release|Any CPU
	EndGlobalSection
	GlobalSection(SolutionProperties) = preSolution
		HideSolutionNode = FALSE
	EndGlobalSection
EndGlobal
